
Microsoft Visual Studio Solution File, Format Version 12.00
# Visual Studio Version 17
VisualStudioVersion = 17.4.33205.214
MinimumVisualStudioVersion = 10.0.40219.1
Project("{9A19103F-16F7-4668-BE54-9A1E7A4F7556}") = "OpenTools.Shared", "OpenTools\OpenTools.Shared.csproj", "{4533D835-477A-469D-A996-CEC27681D339}"
EndProject
Project("{9A19103F-16F7-4668-BE54-9A1E7A4F7556}") = "OpenTools.Repository.Abstractions", "OpenTools.Repository.Abstractions\OpenTools.Repository.Abstractions.csproj", "{28512555-4518-4427-A989-E03537360C82}"
EndProject
Project("{9A19103F-16F7-4668-BE54-9A1E7A4F7556}") = "OpenTools.Mediator.Abstractions", "OpenTools.Mediator.Abstractions\OpenTools.Mediator.Abstractions.csproj", "{61577BD6-79E6-4F62-BEBC-AE94263E0C5C}"
EndProject
Project("{9A19103F-16F7-4668-BE54-9A1E7A4F7556}") = "OpenTools.Mediator", "OpenTools.Mediator\OpenTools.Mediator.csproj", "{E94710D7-E8F6-488D-8A11-8A542722C4DE}"
EndProject
Project("{9A19103F-16F7-4668-BE54-9A1E7A4F7556}") = "OpenTools.Mediator.App", "OpenTools.Mediator.App\OpenTools.Mediator.App.csproj", "{A9AFFAE2-31D7-46F7-870F-6A3D8F60BC8F}"
EndProject
Project("{9A19103F-16F7-4668-BE54-9A1E7A4F7556}") = "OpenTools.MVVM", "OpenTools.MVVM\OpenTools.MVVM.csproj", "{0D11B01F-7B3C-4FDC-9741-27BBA946A834}"
EndProject
Project("{FAE04EC0-301F-11D3-BF4B-00C04F79EFBC}") = "OpenTools.HomeAssistant", "OpenTools.HomeAssistant\OpenTools.HomeAssistant.csproj", "{81E4B298-FF17-4582-9D18-5549FB322CFE}"
EndProject
Project("{FAE04EC0-301F-11D3-BF4B-00C04F79EFBC}") = "OpenTools.HomeAssistant.ClientApp", "OpenTools.HomeAssistant.App\OpenTools.HomeAssistant.ClientApp.csproj", "{C4169775-6A29-462F-A79D-D87FDD0AADF8}"
EndProject
Global
	GlobalSection(SolutionConfigurationPlatforms) = preSolution
		Debug|Any CPU = Debug|Any CPU
		Release|Any CPU = Release|Any CPU
	EndGlobalSection
	GlobalSection(ProjectConfigurationPlatforms) = postSolution
		{4533D835-477A-469D-A996-CEC27681D339}.Debug|Any CPU.ActiveCfg = Debug|Any CPU
		{4533D835-477A-469D-A996-CEC27681D339}.Debug|Any CPU.Build.0 = Debug|Any CPU
		{4533D835-477A-469D-A996-CEC27681D339}.Release|Any CPU.ActiveCfg = Release|Any CPU
		{4533D835-477A-469D-A996-CEC27681D339}.Release|Any CPU.Build.0 = Release|Any CPU
		{28512555-4518-4427-A989-E03537360C82}.Debug|Any CPU.ActiveCfg = Debug|Any CPU
		{28512555-4518-4427-A989-E03537360C82}.Debug|Any CPU.Build.0 = Debug|Any CPU
		{28512555-4518-4427-A989-E03537360C82}.Release|Any CPU.ActiveCfg = Release|Any CPU
		{28512555-4518-4427-A989-E03537360C82}.Release|Any CPU.Build.0 = Release|Any CPU
		{61577BD6-79E6-4F62-BEBC-AE94263E0C5C}.Debug|Any CPU.ActiveCfg = Debug|Any CPU
		{61577BD6-79E6-4F62-BEBC-AE94263E0C5C}.Debug|Any CPU.Build.0 = Debug|Any CPU
		{61577BD6-79E6-4F62-BEBC-AE94263E0C5C}.Release|Any CPU.ActiveCfg = Release|Any CPU
		{61577BD6-79E6-4F62-BEBC-AE94263E0C5C}.Release|Any CPU.Build.0 = Release|Any CPU
		{E94710D7-E8F6-488D-8A11-8A542722C4DE}.Debug|Any CPU.ActiveCfg = Debug|Any CPU
		{E94710D7-E8F6-488D-8A11-8A542722C4DE}.Debug|Any CPU.Build.0 = Debug|Any CPU
		{E94710D7-E8F6-488D-8A11-8A542722C4DE}.Release|Any CPU.ActiveCfg = Release|Any CPU
		{E94710D7-E8F6-488D-8A11-8A542722C4DE}.Release|Any CPU.Build.0 = Release|Any CPU
		{A9AFFAE2-31D7-46F7-870F-6A3D8F60BC8F}.Debug|Any CPU.ActiveCfg = Debug|Any CPU
		{A9AFFAE2-31D7-46F7-870F-6A3D8F60BC8F}.Debug|Any CPU.Build.0 = Debug|Any CPU
		{A9AFFAE2-31D7-46F7-870F-6A3D8F60BC8F}.Release|Any CPU.ActiveCfg = Release|Any CPU
		{A9AFFAE2-31D7-46F7-870F-6A3D8F60BC8F}.Release|Any CPU.Build.0 = Release|Any CPU
		{0D11B01F-7B3C-4FDC-9741-27BBA946A834}.Debug|Any CPU.ActiveCfg = Debug|Any CPU
		{0D11B01F-7B3C-4FDC-9741-27BBA946A834}.Debug|Any CPU.Build.0 = Debug|Any CPU
		{0D11B01F-7B3C-4FDC-9741-27BBA946A834}.Release|Any CPU.ActiveCfg = Release|Any CPU
		{0D11B01F-7B3C-4FDC-9741-27BBA946A834}.Release|Any CPU.Build.0 = Release|Any CPU
		{81E4B298-FF17-4582-9D18-5549FB322CFE}.Debug|Any CPU.ActiveCfg = Debug|Any CPU
		{81E4B298-FF17-4582-9D18-5549FB322CFE}.Debug|Any CPU.Build.0 = Debug|Any CPU
		{81E4B298-FF17-4582-9D18-5549FB322CFE}.Release|Any CPU.ActiveCfg = Release|Any CPU
		{81E4B298-FF17-4582-9D18-5549FB322CFE}.Release|Any CPU.Build.0 = Release|Any CPU
		{C4169775-6A29-462F-A79D-D87FDD0AADF8}.Debug|Any CPU.ActiveCfg = Debug|Any CPU
		{C4169775-6A29-462F-A79D-D87FDD0AADF8}.Debug|Any CPU.Build.0 = Debug|Any CPU
		{C4169775-6A29-462F-A79D-D87FDD0AADF8}.Release|Any CPU.ActiveCfg = Release|Any CPU
		{C4169775-6A29-462F-A79D-D87FDD0AADF8}.Release|Any CPU.Build.0 = Release|Any CPU
	EndGlobalSection
	GlobalSection(SolutionProperties) = preSolution
		HideSolutionNode = FALSE
	EndGlobalSection
	GlobalSection(ExtensibilityGlobals) = postSolution
		SolutionGuid = {233A50D0-853B-4F95-8C57-F00EC5D308E3}
	EndGlobalSection
EndGlobal
